{
  "name": "ide-completions",
  "lockfileVersion": 2,
  "requires": true,
  "packages": {
    "": {
      "name": "ide-completions",
      "dependencies": {
        "remix-utils": "7.5.0"
      },
      "devDependencies": {
        "typescript": "5.4.3"
      }
    },
    "node_modules/remix-utils": {
      "version": "7.5.0",
      "resolved": "https://registry.npmjs.org/remix-utils/-/remix-utils-7.5.0.tgz",
      "integrity": "sha512-vzjDhbdwK+3XxqL2LM7ZPzq0zyjb+77eAWbKhDqhnh0nlA11n3CmTtYzrZYpVf6h24+6m5mD6KnRfcdD3Zrl7w==",
      "dependencies": {
        "type-fest": "^4.3.3"
      },
      "engines": {
        "node": ">=18.0.0"
      },
      "peerDependencies": {
        "@remix-run/cloudflare": "^2.0.0",
        "@remix-run/deno": "^2.0.0",
        "@remix-run/node": "^2.0.0",
        "@remix-run/react": "^2.0.0",
        "@remix-run/router": "^1.7.2",
        "crypto-js": "^4.1.1",
        "intl-parse-accept-language": "^1.0.0",
        "is-ip": "^5.0.1",
        "react": "^18.0.0",
        "zod": "^3.22.4"
      },
      "peerDependenciesMeta": {
        "@remix-run/cloudflare": {
          "optional": true
        },
        "@remix-run/deno": {
          "optional": true
        },
        "@remix-run/node": {
          "optional": true
        },
        "@remix-run/react": {
          "optional": true
        },
        "@remix-run/router": {
          "optional": true
        },
        "crypto-js": {
          "optional": true
        },
        "intl-parse-accept-language": {
          "optional": true
        },
        "is-ip": {
          "optional": true
        },
        "react": {
          "optional": true
        },
        "zod": {
          "optional": true
        }
      }
    },
    "node_modules/type-fest": {
      "version": "4.13.1",
      "resolved": "https://registry.npmjs.org/type-fest/-/type-fest-4.13.1.tgz",
      "integrity": "sha512-ASMgM+Vf2cLwDMt1KXSkMUDSYCxtckDJs8zsaVF/mYteIsiARKCVtyXtcK38mIKbLTctZP8v6GMqdNaeI3fo7g==",
      "engines": {
        "node": ">=16"
      },
      "funding": {
        "url": "https://github.com/sponsors/sindresorhus"
      }
    },
    "node_modules/typescript": {
      "version": "5.4.3",
      "resolved": "https://registry.npmjs.org/typescript/-/typescript-5.4.3.tgz",
      "integrity": "sha512-KrPd3PKaCLr78MalgiwJnA25Nm8HAmdwN3mYUYZgG/wizIo9EainNVQI9/yDavtVFRN2h3k8uf3GLHuhDMgEHg==",
      "dev": true,
      "bin": {
        "tsc": "bin/tsc",
        "tsserver": "bin/tsserver"
      },
      "engines": {
        "node": ">=14.17"
      }
    }
  },
  "dependencies": {
    "remix-utils": {
      "version": "7.5.0",
      "resolved": "https://registry.npmjs.org/remix-utils/-/remix-utils-7.5.0.tgz",
      "integrity": "sha512-vzjDhbdwK+3XxqL2LM7ZPzq0zyjb+77eAWbKhDqhnh0nlA11n3CmTtYzrZYpVf6h24+6m5mD6KnRfcdD3Zrl7w==",
      "requires": {
        "type-fest": "^4.3.3"
      }
    },
    "type-fest": {
      "version": "4.13.1",
      "resolved": "https://registry.npmjs.org/type-fest/-/type-fest-4.13.1.tgz",
      "integrity": "sha512-ASMgM+Vf2cLwDMt1KXSkMUDSYCxtckDJs8zsaVF/mYteIsiARKCVtyXtcK38mIKbLTctZP8v6GMqdNaeI3fo7g=="
    },
    "typescript": {
      "version": "5.4.3",
      "resolved": "https://registry.npmjs.org/typescript/-/typescript-5.4.3.tgz",
      "integrity": "sha512-KrPd3PKaCLr78MalgiwJnA25Nm8HAmdwN3mYUYZgG/wizIo9EainNVQI9/yDavtVFRN2h3k8uf3GLHuhDMgEHg==",
      "dev": true
    }
  }
}
